// !$*UTF8*$!
{
	archiveVersion = 1;
	classes = {
	};
	objectVersion = 56;
	objects = {

/* Begin PBXBuildFile section */
		5E1476A22B7C1F8E00D51196 /* _Za_HunterApp.swift in Sources */ = {isa = PBXBuildFile; fileRef = 5E1476A12B7C1F8E00D51196 /* _Za_HunterApp.swift */; };
		5E1476A42B7C1F8E00D51196 /* ContentView.swift in Sources */ = {isa = PBXBuildFile; fileRef = 5E1476A32B7C1F8E00D51196 /* ContentView.swift */; };
		5E1476A62B7C1F9300D51196 /* Assets.xcassets in Resources */ = {isa = PBXBuildFile; fileRef = 5E1476A52B7C1F9300D51196 /* Assets.xcassets */; };
		5E1476A92B7C1F9300D51196 /* Preview Assets.xcassets in Resources */ = {isa = PBXBuildFile; fileRef = 5E1476A82B7C1F9300D51196 /* Preview Assets.xcassets */; };
		5E1476B32B7C1F9300D51196 /* _Za_HunterTests.swift in Sources */ = {isa = PBXBuildFile; fileRef = 5E1476B22B7C1F9300D51196 /* _Za_HunterTests.swift */; };
		5E1476BD2B7C1F9300D51196 /* _Za_HunterUITests.swift in Sources */ = {isa = PBXBuildFile; fileRef = 5E1476BC2B7C1F9300D51196 /* _Za_HunterUITests.swift */; };
		5E1476BF2B7C1F9300D51196 /* _Za_HunterUITestsLaunchTests.swift in Sources */ = {isa = PBXBuildFile; fileRef = 5E1476BE2B7C1F9300D51196 /* _Za_HunterUITestsLaunchTests.swift */; };
/* End PBXBuildFile section */

/* Begin PBXContainerItemProxy section */
		5E1476AF2B7C1F9300D51196 /* PBXContainerItemProxy */ = {
			isa = PBXContainerItemProxy;
			containerPortal = 5E1476962B7C1F8E00D51196 /* Project object */;
			proxyType = 1;
			remoteGlobalIDString = 5E14769D2B7C1F8E00D51196;
			remoteInfo = "'Za Hunter";
		};
		5E1476B92B7C1F9300D51196 /* PBXContainerItemProxy */ = {
			isa = PBXContainerItemProxy;
			containerPortal = 5E1476962B7C1F8E00D51196 /* Project object */;
			proxyType = 1;
			remoteGlobalIDString = 5E14769D2B7C1F8E00D51196;
			remoteInfo = "'Za Hunter";
		};
/* End PBXContainerItemProxy section */

/* Begin PBXFileReference section */
		5E14769E2B7C1F8E00D51196 /* 'Za Hunter.app */ = {isa = PBXFileReference; explicitFileType = wrapper.application; includeInIndex = 0; path = "'Za Hunter.app"; sourceTree = BUILT_PRODUCTS_DIR; };
		5E1476A12B7C1F8E00D51196 /* _Za_HunterApp.swift */ = {isa = PBXFileReference; lastKnownFileType = sourcecode.swift; path = _Za_HunterApp.swift; sourceTree = "<group>"; };
		5E1476A32B7C1F8E00D51196 /* ContentView.swift */ = {isa = PBXFileReference; lastKnownFileType = sourcecode.swift; path = ContentView.swift; sourceTree = "<group>"; };
		5E1476A52B7C1F9300D51196 /* Assets.xcassets */ = {isa = PBXFileReference; lastKnownFileType = folder.assetcatalog; path = Assets.xcassets; sourceTree = "<group>"; };
		5E1476A82B7C1F9300D51196 /* Preview Assets.xcassets */ = {isa = PBXFileReference; lastKnownFileType = folder.assetcatalog; path = "Preview Assets.xcassets"; sourceTree = "<group>"; };
		5E1476AE2B7C1F9300D51196 /* 'Za HunterTests.xctest */ = {isa = PBXFileReference; explicitFileType = wrapper.cfbundle; includeInIndex = 0; path = "'Za HunterTests.xctest"; sourceTree = BUILT_PRODUCTS_DIR; };
		5E1476B22B7C1F9300D51196 /* _Za_HunterTests.swift */ = {isa = PBXFileReference; lastKnownFileType = sourcecode.swift; path = _Za_HunterTests.swift; sourceTree = "<group>"; };
		5E1476B82B7C1F9300D51196 /* 'Za HunterUITests.xctest */ = {isa = PBXFileReference; explicitFileType = wrapper.cfbundle; includeInIndex = 0; path = "'Za HunterUITests.xctest"; sourceTree = BUILT_PRODUCTS_DIR; };
		5E1476BC2B7C1F9300D51196 /* _Za_HunterUITests.swift */ = {isa = PBXFileReference; lastKnownFileType = sourcecode.swift; path = _Za_HunterUITests.swift; sourceTree = "<group>"; };
		5E1476BE2B7C1F9300D51196 /* _Za_HunterUITestsLaunchTests.swift */ = {isa = PBXFileReference; lastKnownFileType = sourcecode.swift; path = _Za_HunterUITestsLaunchTests.swift; sourceTree = "<group>"; };
/* End PBXFileReference section */

/* Begin PBXFrameworksBuildPhase section */
		5E14769B2B7C1F8E00D51196 /* Frameworks */ = {
			isa = PBXFrameworksBuildPhase;
			buildActionMask = 2147483647;
			files = (
			);
			runOnlyForDeploymentPostprocessing = 0;
		};
		5E1476AB2B7C1F9300D51196 /* Frameworks */ = {
			isa = PBXFrameworksBuildPhase;
			buildActionMask = 2147483647;
			files = (
			);
			runOnlyForDeploymentPostprocessing = 0;
		};
		5E1476B52B7C1F9300D51196 /* Frameworks */ = {
			isa = PBXFrameworksBuildPhase;
			buildActionMask = 2147483647;
			files = (
			);
			runOnlyForDeploymentPostprocessing = 0;
		};
/* End PBXFrameworksBuildPhase section */

/* Begin PBXGroup section */
		5E1476952B7C1F8E00D51196 = {
			isa = PBXGroup;
			children = (
				5E1476A02B7C1F8E00D51196 /* 'Za Hunter */,
				5E1476B12B7C1F9300D51196 /* 'Za HunterTests */,
				5E1476BB2B7C1F9300D51196 /* 'Za HunterUITests */,
				5E14769F2B7C1F8E00D51196 /* Products */,
			);
			sourceTree = "<group>";
		};
		5E14769F2B7C1F8E00D51196 /* Products */ = {
			isa = PBXGroup;
			children = (
				5E14769E2B7C1F8E00D51196 /* 'Za Hunter.app */,
				5E1476AE2B7C1F9300D51196 /* 'Za HunterTests.xctest */,
				5E1476B82B7C1F9300D51196 /* 'Za HunterUITests.xctest */,
			);
			name = Products;
			sourceTree = "<group>";
		};
		5E1476A02B7C1F8E00D51196 /* 'Za Hunter */ = {
			isa = PBXGroup;
			children = (
				5E1476A12B7C1F8E00D51196 /* _Za_HunterApp.swift */,
				5E1476A32B7C1F8E00D51196 /* ContentView.swift */,
				5E1476A52B7C1F9300D51196 /* Assets.xcassets */,
				5E1476A72B7C1F9300D51196 /* Preview Content */,
			);
			path = "'Za Hunter";
			sourceTree = "<group>";
		};
		5E1476A72B7C1F9300D51196 /* Preview Content */ = {
			isa = PBXGroup;
			children = (
				5E1476A82B7C1F9300D51196 /* Preview Assets.xcassets */,
			);
			path = "Preview Content";
			sourceTree = "<group>";
		};
		5E1476B12B7C1F9300D51196 /* 'Za HunterTests */ = {
			isa = PBXGroup;
			children = (
				5E1476B22B7C1F9300D51196 /* _Za_HunterTests.swift */,
			);
			path = "'Za HunterTests";
			sourceTree = "<group>";
		};
		5E1476BB2B7C1F9300D51196 /* 'Za HunterUITests */ = {
			isa = PBXGroup;
			children = (
				5E1476BC2B7C1F9300D51196 /* _Za_HunterUITests.swift */,
				5E1476BE2B7C1F9300D51196 /* _Za_HunterUITestsLaunchTests.swift */,
			);
			path = "'Za HunterUITests";
			sourceTree = "<group>";
		};
/* End PBXGroup section */

/* Begin PBXNativeTarget section */
		5E14769D2B7C1F8E00D51196 /* 'Za Hunter */ = {
			isa = PBXNativeTarget;
			buildConfigurationList = 5E1476C22B7C1F9300D51196 /* Build configuration list for PBXNativeTarget "'Za Hunter" */;
			buildPhases = (
				5E14769A2B7C1F8E00D51196 /* Sources */,
				5E14769B2B7C1F8E00D51196 /* Frameworks */,
				5E14769C2B7C1F8E00D51196 /* Resources */,
			);
			buildRules = (
			);
			dependencies = (
			);
			name = "'Za Hunter";
			productName = "'Za Hunter";
			productReference = 5E14769E2B7C1F8E00D51196 /* 'Za Hunter.app */;
			productType = "com.apple.product-type.application";
		};
		5E1476AD2B7C1F9300D51196 /* 'Za HunterTests */ = {
			isa = PBXNativeTarget;
			buildConfigurationList = 5E1476C52B7C1F9300D51196 /* Build configuration list for PBXNativeTarget "'Za HunterTests" */;
			buildPhases = (
				5E1476AA2B7C1F9300D51196 /* Sources */,
				5E1476AB2B7C1F9300D51196 /* Frameworks */,
				5E1476AC2B7C1F9300D51196 /* Resources */,
			);
			buildRules = (
			);
			dependencies = (
				5E1476B02B7C1F9300D51196 /* PBXTargetDependency */,
			);
			name = "'Za HunterTests";
			productName = "'Za HunterTests";
			productReference = 5E1476AE2B7C1F9300D51196 /* 'Za HunterTests.xctest */;
			productType = "com.apple.product-type.bundle.unit-test";
		};
		5E1476B72B7C1F9300D51196 /* 'Za HunterUITests */ = {
			isa = PBXNativeTarget;
			buildConfigurationList = 5E1476C82B7C1F9300D51196 /* Build configuration list for PBXNativeTarget "'Za HunterUITests" */;
			buildPhases = (
				5E1476B42B7C1F9300D51196 /* Sources */,
				5E1476B52B7C1F9300D51196 /* Frameworks */,
				5E1476B62B7C1F9300D51196 /* Resources */,
			);
			buildRules = (
			);
			dependencies = (
				5E1476BA2B7C1F9300D51196 /* PBXTargetDependency */,
			);
			name = "'Za HunterUITests";
			productName = "'Za HunterUITests";
			productReference = 5E1476B82B7C1F9300D51196 /* 'Za HunterUITests.xctest */;
			productType = "com.apple.product-type.bundle.ui-testing";
		};
/* End PBXNativeTarget section */

/* Begin PBXProject section */
		5E1476962B7C1F8E00D51196 /* Project object */ = {
			isa = PBXProject;
			attributes = {
				BuildIndependentTargetsInParallel = 1;
				LastSwiftUpdateCheck = 1430;
				LastUpgradeCheck = 1430;
				TargetAttributes = {
					5E14769D2B7C1F8E00D51196 = {
						CreatedOnToolsVersion = 14.3.1;
					};
					5E1476AD2B7C1F9300D51196 = {
						CreatedOnToolsVersion = 14.3.1;
						TestTargetID = 5E14769D2B7C1F8E00D51196;
					};
					5E1476B72B7C1F9300D51196 = {
						CreatedOnToolsVersion = 14.3.1;
						TestTargetID = 5E14769D2B7C1F8E00D51196;
					};
				};
			};
			buildConfigurationList = 5E1476992B7C1F8E00D51196 /* Build configuration list for PBXProject "'Za Hunter" */;
			compatibilityVersion = "Xcode 14.0";
			developmentRegion = en;
			hasScannedForEncodings = 0;
			knownRegions = (
				en,
				Base,
			);
			mainGroup = 5E1476952B7C1F8E00D51196;
			productRefGroup = 5E14769F2B7C1F8E00D51196 /* Products */;
			projectDirPath = "";
			projectRoot = "";
			targets = (
				5E14769D2B7C1F8E00D51196 /* 'Za Hunter */,
				5E1476AD2B7C1F9300D51196 /* 'Za HunterTests */,
				5E1476B72B7C1F9300D51196 /* 'Za HunterUITests */,
			);
		};
/* End PBXProject section */

/* Begin PBXResourcesBuildPhase section */
		5E14769C2B7C1F8E00D51196 /* Resources */ = {
			isa = PBXResourcesBuildPhase;
			buildActionMask = 2147483647;
			files = (
				5E1476A92B7C1F9300D51196 /* Preview Assets.xcassets in Resources */,
				5E1476A62B7C1F9300D51196 /* Assets.xcassets in Resources */,
			);
			runOnlyForDeploymentPostprocessing = 0;
		};
		5E1476AC2B7C1F9300D51196 /* Resources */ = {
			isa = PBXResourcesBuildPhase;
			buildActionMask = 2147483647;
			files = (
			);
			runOnlyForDeploymentPostprocessing = 0;
		};
		5E1476B62B7C1F9300D51196 /* Resources */ = {
			isa = PBXResourcesBuildPhase;
			buildActionMask = 2147483647;
			files = (
			);
			runOnlyForDeploymentPostprocessing = 0;
		};
/* End PBXResourcesBuildPhase section */

/* Begin PBXSourcesBuildPhase section */
		5E14769A2B7C1F8E00D51196 /* Sources */ = {
			isa = PBXSourcesBuildPhase;
			buildActionMask = 2147483647;
			files = (
				5E1476A42B7C1F8E00D51196 /* ContentView.swift in Sources */,
				5E1476A22B7C1F8E00D51196 /* _Za_HunterApp.swift in Sources */,
			);
			runOnlyForDeploymentPostprocessing = 0;
		};
		5E1476AA2B7C1F9300D51196 /* Sources */ = {
			isa = PBXSourcesBuildPhase;
			buildActionMask = 2147483647;
			files = (
				5E1476B32B7C1F9300D51196 /* _Za_HunterTests.swift in Sources */,
			);
			runOnlyForDeploymentPostprocessing = 0;
		};
		5E1476B42B7C1F9300D51196 /* Sources */ = {
			isa = PBXSourcesBuildPhase;
			buildActionMask = 2147483647;
			files = (
				5E1476BD2B7C1F9300D51196 /* _Za_HunterUITests.swift in Sources */,
				5E1476BF2B7C1F9300D51196 /* _Za_HunterUITestsLaunchTests.swift in Sources */,
			);
			runOnlyForDeploymentPostprocessing = 0;
		};
/* End PBXSourcesBuildPhase section */

/* Begin PBXTargetDependency section */
		5E1476B02B7C1F9300D51196 /* PBXTargetDependency */ = {
			isa = PBXTargetDependency;
			target = 5E14769D2B7C1F8E00D51196 /* 'Za Hunter */;
			targetProxy = 5E1476AF2B7C1F9300D51196 /* PBXContainerItemProxy */;
		};
		5E1476BA2B7C1F9300D51196 /* PBXTargetDependency */ = {
			isa = PBXTargetDependency;
			target = 5E14769D2B7C1F8E00D51196 /* 'Za Hunter */;
			targetProxy = 5E1476B92B7C1F9300D51196 /* PBXContainerItemProxy */;
		};
/* End PBXTargetDependency section */

/* Begin XCBuildConfiguration section */
		5E1476C02B7C1F9300D51196 /* Debug */ = {
			isa = XCBuildConfiguration;
			buildSettings = {
				ALWAYS_SEARCH_USER_PATHS = NO;
				CLANG_ANALYZER_NONNULL = YES;
				CLANG_ANALYZER_NUMBER_OBJECT_CONVERSION = YES_AGGRESSIVE;
				CLANG_CXX_LANGUAGE_STANDARD = "gnu++20";
				CLANG_ENABLE_MODULES = YES;
				CLANG_ENABLE_OBJC_ARC = YES;
				CLANG_ENABLE_OBJC_WEAK = YES;
				CLANG_WARN_BLOCK_CAPTURE_AUTORELEASING = YES;
				CLANG_WARN_BOOL_CONVERSION = YES;
				CLANG_WARN_COMMA = YES;
				CLANG_WARN_CONSTANT_CONVERSION = YES;
				CLANG_WARN_DEPRECATED_OBJC_IMPLEMENTATIONS = YES;
				CLANG_WARN_DIRECT_OBJC_ISA_USAGE = YES_ERROR;
				CLANG_WARN_DOCUMENTATION_COMMENTS = YES;
				CLANG_WARN_EMPTY_BODY = YES;
				CLANG_WARN_ENUM_CONVERSION = YES;
				CLANG_WARN_INFINITE_RECURSION = YES;
				CLANG_WARN_INT_CONVERSION = YES;
				CLANG_WARN_NON_LITERAL_NULL_CONVERSION = YES;
				CLANG_WARN_OBJC_IMPLICIT_RETAIN_SELF = YES;
				CLANG_WARN_OBJC_LITERAL_CONVERSION = YES;
				CLANG_WARN_OBJC_ROOT_CLASS = YES_ERROR;
				CLANG_WARN_QUOTED_INCLUDE_IN_FRAMEWORK_HEADER = YES;
				CLANG_WARN_RANGE_LOOP_ANALYSIS = YES;
				CLANG_WARN_STRICT_PROTOTYPES = YES;
				CLANG_WARN_SUSPICIOUS_MOVE = YES;
				CLANG_WARN_UNGUARDED_AVAILABILITY = YES_AGGRESSIVE;
				CLANG_WARN_UNREACHABLE_CODE = YES;
				CLANG_WARN__DUPLICATE_METHOD_MATCH = YES;
				COPY_PHASE_STRIP = NO;
				DEBUG_INFORMATION_FORMAT = dwarf;
				ENABLE_STRICT_OBJC_MSGSEND = YES;
				ENABLE_TESTABILITY = YES;
				GCC_C_LANGUAGE_STANDARD = gnu11;
				GCC_DYNAMIC_NO_PIC = NO;
				GCC_NO_COMMON_BLOCKS = YES;
				GCC_OPTIMIZATION_LEVEL = 0;
				GCC_PREPROCESSOR_DEFINITIONS = (
					"DEBUG=1",
					"$(inherited)",
				);
				GCC_WARN_64_TO_32_BIT_CONVERSION = YES;
				GCC_WARN_ABOUT_RETURN_TYPE = YES_ERROR;
				GCC_WARN_UNDECLARED_SELECTOR = YES;
				GCC_WARN_UNINITIALIZED_AUTOS = YES_AGGRESSIVE;
				GCC_WARN_UNUSED_FUNCTION = YES;
				GCC_WARN_UNUSED_VARIABLE = YES;
				IPHONEOS_DEPLOYMENT_TARGET = 16.4;
				MTL_ENABLE_DEBUG_INFO = INCLUDE_SOURCE;
				MTL_FAST_MATH = YES;
				ONLY_ACTIVE_ARCH = YES;
				SDKROOT = iphoneos;
				SWIFT_ACTIVE_COMPILATION_CONDITIONS = DEBUG;
				SWIFT_OPTIMIZATION_LEVEL = "-Onone";
			};
			name = Debug;
		};
		5E1476C12B7C1F9300D51196 /* Release */ = {
			isa = XCBuildConfiguration;
			buildSettings = {
				ALWAYS_SEARCH_USER_PATHS = NO;
				CLANG_ANALYZER_NONNULL = YES;
				CLANG_ANALYZER_NUMBER_OBJECT_CONVERSION = YES_AGGRESSIVE;
				CLANG_CXX_LANGUAGE_STANDARD = "gnu++20";
				CLANG_ENABLE_MODULES = YES;
				CLANG_ENABLE_OBJC_ARC = YES;
				CLANG_ENABLE_OBJC_WEAK = YES;
				CLANG_WARN_BLOCK_CAPTURE_AUTORELEASING = YES;
				CLANG_WARN_BOOL_CONVERSION = YES;
				CLANG_WARN_COMMA = YES;
				CLANG_WARN_CONSTANT_CONVERSION = YES;
				CLANG_WARN_DEPRECATED_OBJC_IMPLEMENTATIONS = YES;
				CLANG_WARN_DIRECT_OBJC_ISA_USAGE = YES_ERROR;
				CLANG_WARN_DOCUMENTATION_COMMENTS = YES;
				CLANG_WARN_EMPTY_BODY = YES;
				CLANG_WARN_ENUM_CONVERSION = YES;
				CLANG_WARN_INFINITE_RECURSION = YES;
				CLANG_WARN_INT_CONVERSION = YES;
				CLANG_WARN_NON_LITERAL_NULL_CONVERSION = YES;
				CLANG_WARN_OBJC_IMPLICIT_RETAIN_SELF = YES;
				CLANG_WARN_OBJC_LITERAL_CONVERSION = YES;
				CLANG_WARN_OBJC_ROOT_CLASS = YES_ERROR;
				CLANG_WARN_QUOTED_INCLUDE_IN_FRAMEWORK_HEADER = YES;
				CLANG_WARN_RANGE_LOOP_ANALYSIS = YES;
				CLANG_WARN_STRICT_PROTOTYPES = YES;
				CLANG_WARN_SUSPICIOUS_MOVE = YES;
				CLANG_WARN_UNGUARDED_AVAILABILITY = YES_AGGRESSIVE;
				CLANG_WARN_UNREACHABLE_CODE = YES;
				CLANG_WARN__DUPLICATE_METHOD_MATCH = YES;
				COPY_PHASE_STRIP = NO;
				DEBUG_INFORMATION_FORMAT = "dwarf-with-dsym";
				ENABLE_NS_ASSERTIONS = NO;
				ENABLE_STRICT_OBJC_MSGSEND = YES;
				GCC_C_LANGUAGE_STANDARD = gnu11;
				GCC_NO_COMMON_BLOCKS = YES;
				GCC_WARN_64_TO_32_BIT_CONVERSION = YES;
				GCC_WARN_ABOUT_RETURN_TYPE = YES_ERROR;
				GCC_WARN_UNDECLARED_SELECTOR = YES;
				GCC_WARN_UNINITIALIZED_AUTOS = YES_AGGRESSIVE;
				GCC_WARN_UNUSED_FUNCTION = YES;
				GCC_WARN_UNUSED_VARIABLE = YES;
				IPHONEOS_DEPLOYMENT_TARGET = 16.4;
				MTL_ENABLE_DEBUG_INFO = NO;
				MTL_FAST_MATH = YES;
				SDKROOT = iphoneos;
				SWIFT_COMPILATION_MODE = wholemodule;
				SWIFT_OPTIMIZATION_LEVEL = "-O";
				VALIDATE_PRODUCT = YES;
			};
			name = Release;
		};
		5E1476C32B7C1F9300D51196 /* Debug */ = {
			isa = XCBuildConfiguration;
			buildSettings = {
				ASSETCATALOG_COMPILER_APPICON_NAME = AppIcon;
				ASSETCATALOG_COMPILER_GLOBAL_ACCENT_COLOR_NAME = AccentColor;
				CODE_SIGN_STYLE = Automatic;
				CURRENT_PROJECT_VERSION = 1;
				DEVELOPMENT_ASSET_PATHS = "\"'Za Hunter/Preview Content\"";
				ENABLE_PREVIEWS = YES;
				GENERATE_INFOPLIST_FILE = YES;
				INFOPLIST_KEY_UIApplicationSceneManifest_Generation = YES;
				INFOPLIST_KEY_UIApplicationSupportsIndirectInputEvents = YES;
				INFOPLIST_KEY_UILaunchScreen_Generation = YES;
				INFOPLIST_KEY_UISupportedInterfaceOrientations_iPad = "UIInterfaceOrientationPortrait UIInterfaceOrientationPortraitUpsideDown UIInterfaceOrientationLandscapeLeft UIInterfaceOrientationLandscapeRight";
				INFOPLIST_KEY_UISupportedInterfaceOrientations_iPhone = "UIInterfaceOrientationPortrait UIInterfaceOrientationLandscapeLeft UIInterfaceOrientationLandscapeRight";
				LD_RUNPATH_SEARCH_PATHS = (
					"$(inherited)",
					"@executable_path/Frameworks",
				);
				MARKETING_VERSION = 1.0;
				PRODUCT_BUNDLE_IDENTIFIER = "Ethan.-Za-Hunter";
				PRODUCT_NAME = "$(TARGET_NAME)";
				SWIFT_EMIT_LOC_STRINGS = YES;
				SWIFT_VERSION = 5.0;
				TARGETED_DEVICE_FAMILY = "1,2";
			};
			name = Debug;
		};
		5E1476C42B7C1F9300D51196 /* Release */ = {
			isa = XCBuildConfiguration;
			buildSettings = {
				ASSETCATALOG_COMPILER_APPICON_NAME = AppIcon;
				ASSETCATALOG_COMPILER_GLOBAL_ACCENT_COLOR_NAME = AccentColor;
				CODE_SIGN_STYLE = Automatic;
				CURRENT_PROJECT_VERSION = 1;
				DEVELOPMENT_ASSET_PATHS = "\"'Za Hunter/Preview Content\"";
				ENABLE_PREVIEWS = YES;
				GENERATE_INFOPLIST_FILE = YES;
				INFOPLIST_KEY_UIApplicationSceneManifest_Generation = YES;
				INFOPLIST_KEY_UIApplicationSupportsIndirectInputEvents = YES;
				INFOPLIST_KEY_UILaunchScreen_Generation = YES;
				INFOPLIST_KEY_UISupportedInterfaceOrientations_iPad = "UIInterfaceOrientationPortrait UIInterfaceOrientationPortraitUpsideDown UIInterfaceOrientationLandscapeLeft UIInterfaceOrientationLandscapeRight";
				INFOPLIST_KEY_UISupportedInterfaceOrientations_iPhone = "UIInterfaceOrientationPortrait UIInterfaceOrientationLandscapeLeft UIInterfaceOrientationLandscapeRight";
				LD_RUNPATH_SEARCH_PATHS = (
					"$(inherited)",
					"@executable_path/Frameworks",
				);
				MARKETING_VERSION = 1.0;
				PRODUCT_BUNDLE_IDENTIFIER = "Ethan.-Za-Hunter";
				PRODUCT_NAME = "$(TARGET_NAME)";
				SWIFT_EMIT_LOC_STRINGS = YES;
				SWIFT_VERSION = 5.0;
				TARGETED_DEVICE_FAMILY = "1,2";
			};
			name = Release;
		};
		5E1476C62B7C1F9300D51196 /* Debug */ = {
			isa = XCBuildConfiguration;
			buildSettings = {
				ALWAYS_EMBED_SWIFT_STANDARD_LIBRARIES = YES;
				BUNDLE_LOADER = "$(TEST_HOST)";
				CODE_SIGN_STYLE = Automatic;
				CURRENT_PROJECT_VERSION = 1;
				GENERATE_INFOPLIST_FILE = YES;
				IPHONEOS_DEPLOYMENT_TARGET = 16.4;
				MARKETING_VERSION = 1.0;
				PRODUCT_BUNDLE_IDENTIFIER = "Ethan.-Za-HunterTests";
				PRODUCT_NAME = "$(TARGET_NAME)";
				SWIFT_EMIT_LOC_STRINGS = NO;
				SWIFT_VERSION = 5.0;
				TARGETED_DEVICE_FAMILY = "1,2";
				TEST_HOST = "$(BUILT_PRODUCTS_DIR)/'Za Hunter.app/$(BUNDLE_EXECUTABLE_FOLDER_PATH)/'Za Hunter";
			};
			name = Debug;
		};
		5E1476C72B7C1F9300D51196 /* Release */ = {
			isa = XCBuildConfiguration;
			buildSettings = {
				ALWAYS_EMBED_SWIFT_STANDARD_LIBRARIES = YES;
				BUNDLE_LOADER = "$(TEST_HOST)";
				CODE_SIGN_STYLE = Automatic;
				CURRENT_PROJECT_VERSION = 1;
				GENERATE_INFOPLIST_FILE = YES;
				IPHONEOS_DEPLOYMENT_TARGET = 16.4;
				MARKETING_VERSION = 1.0;
				PRODUCT_BUNDLE_IDENTIFIER = "Ethan.-Za-HunterTests";
				PRODUCT_NAME = "$(TARGET_NAME)";
				SWIFT_EMIT_LOC_STRINGS = NO;
				SWIFT_VERSION = 5.0;
				TARGETED_DEVICE_FAMILY = "1,2";
				TEST_HOST = "$(BUILT_PRODUCTS_DIR)/'Za Hunter.app/$(BUNDLE_EXECUTABLE_FOLDER_PATH)/'Za Hunter";
			};
			name = Release;
		};
		5E1476C92B7C1F9300D51196 /* Debug */ = {
			isa = XCBuildConfiguration;
			buildSettings = {
				ALWAYS_EMBED_SWIFT_STANDARD_LIBRARIES = YES;
				CODE_SIGN_STYLE = Automatic;
				CURRENT_PROJECT_VERSION = 1;
				GENERATE_INFOPLIST_FILE = YES;
				MARKETING_VERSION = 1.0;
				PRODUCT_BUNDLE_IDENTIFIER = "Ethan.-Za-HunterUITests";
				PRODUCT_NAME = "$(TARGET_NAME)";
				SWIFT_EMIT_LOC_STRINGS = NO;
				SWIFT_VERSION = 5.0;
				TARGETED_DEVICE_FAMILY = "1,2";
				TEST_TARGET_NAME = "'Za Hunter";
			};
			name = Debug;
		};
		5E1476CA2B7C1F9300D51196 /* Release */ = {
			isa = XCBuildConfiguration;
			buildSettings = {
				ALWAYS_EMBED_SWIFT_STANDARD_LIBRARIES = YES;
				CODE_SIGN_STYLE = Automatic;
				CURRENT_PROJECT_VERSION = 1;
				GENERATE_INFOPLIST_FILE = YES;
				MARKETING_VERSION = 1.0;
				PRODUCT_BUNDLE_IDENTIFIER = "Ethan.-Za-HunterUITests";
				PRODUCT_NAME = "$(TARGET_NAME)";
				SWIFT_EMIT_LOC_STRINGS = NO;
				SWIFT_VERSION = 5.0;
				TARGETED_DEVICE_FAMILY = "1,2";
				TEST_TARGET_NAME = "'Za Hunter";
			};
			name = Release;
		};
/* End XCBuildConfiguration section */

/* Begin XCConfigurationList section */
		5E1476992B7C1F8E00D51196 /* Build configuration list for PBXProject "'Za Hunter" */ = {
			isa = XCConfigurationList;
			buildConfigurations = (
				5E1476C02B7C1F9300D51196 /* Debug */,
				5E1476C12B7C1F9300D51196 /* Release */,
			);
			defaultConfigurationIsVisible = 0;
			defaultConfigurationName = Release;
		};
		5E1476C22B7C1F9300D51196 /* Build configuration list for PBXNativeTarget "'Za Hunter" */ = {
			isa = XCConfigurationList;
			buildConfigurations = (
				5E1476C32B7C1F9300D51196 /* Debug */,
				5E1476C42B7C1F9300D51196 /* Release */,
			);
			defaultConfigurationIsVisible = 0;
			defaultConfigurationName = Release;
		};
		5E1476C52B7C1F9300D51196 /* Build configuration list for PBXNativeTarget "'Za HunterTests" */ = {
			isa = XCConfigurationList;
			buildConfigurations = (
				5E1476C62B7C1F9300D51196 /* Debug */,
				5E1476C72B7C1F9300D51196 /* Release */,
			);
			defaultConfigurationIsVisible = 0;
			defaultConfigurationName = Release;
		};
		5E1476C82B7C1F9300D51196 /* Build configuration list for PBXNativeTarget "'Za HunterUITests" */ = {
			isa = XCConfigurationList;
			buildConfigurations = (
				5E1476C92B7C1F9300D51196 /* Debug */,
				5E1476CA2B7C1F9300D51196 /* Release */,
			);
			defaultConfigurationIsVisible = 0;
			defaultConfigurationName = Release;
		};
/* End XCConfigurationList section */
	};
	rootObject = 5E1476962B7C1F8E00D51196 /* Project object */;
}
